
Microsoft Visual Studio Solution File, Format Version 12.00
# Visual Studio Version 17
VisualStudioVersion = 17.2.32602.215
MinimumVisualStudioVersion = 10.0.40219.1
Project("{FAE04EC0-301F-11D3-BF4B-00C04F79EFBC}") = "CharactiaryProject", "CharactiaryProject\CharactiaryProject.csproj", "{D346C9C8-66E2-4BB9-A3E7-30596581E58B}"
EndProject
Global
	GlobalSection(SolutionConfigurationPlatforms) = preSolution
		Debug|Any CPU = Debug|Any CPU
		Release|Any CPU = Release|Any CPU
	EndGlobalSection
	GlobalSection(ProjectConfigurationPlatforms) = postSolution
		{D346C9C8-66E2-4BB9-A3E7-30596581E58B}.Debug|Any CPU.ActiveCfg = Debug|Any CPU
		{D346C9C8-66E2-4BB9-A3E7-30596581E58B}.Debug|Any CPU.Build.0 = Debug|Any CPU
		{D346C9C8-66E2-4BB9-A3E7-30596581E58B}.Release|Any CPU.ActiveCfg = Release|Any CPU
		{D346C9C8-66E2-4BB9-A3E7-30596581E58B}.Release|Any CPU.Build.0 = Release|Any CPU
	EndGlobalSection
	GlobalSection(SolutionProperties) = preSolution
		HideSolutionNode = FALSE
	EndGlobalSection
	GlobalSection(ExtensibilityGlobals) = postSolution
		SolutionGuid = {62FD6D17-B7FD-4443-82C2-9CFCC5D47495}
	EndGlobalSection
EndGlobal
